{
  "nodes": {
    "cl-boundary-kit": {
      "flake": false,
      "locked": {
        "lastModified": 1784980104,
        "narHash": "sha256-TVaLVsz0/Sqp3Xlfzimbk31dEAupPyXtvVOG/+ER2co=",
        "owner": "nerima-lisp",
        "repo": "cl-boundary-kit",
        "rev": "472a38dfbd33792587b2b1f652c53256a189029f",
        "type": "github"
      },
      "original": {
        "owner": "nerima-lisp",
        "ref": "v0.6.0",
        "repo": "cl-boundary-kit",
        "type": "github"
      }
    },
    "cl-cc-ast": {
      "flake": false,
      "locked": {
        "lastModified": 1785008666,
        "narHash": "sha256-aKYwshFsLa8sB3MC8dADXyNMSTP5ieyF9QWBoA2cRu0=",
        "owner": "nerima-lisp",
        "repo": "cl-cc-ast",
        "rev": "5bb81120a1acf3a0c125dac655549582f3eb137e",
        "type": "github"
      },
      "original": {
        "owner": "nerima-lisp",
        "repo": "cl-cc-ast",
        "rev": "5bb81120a1acf3a0c125dac655549582f3eb137e",
        "type": "github"
      }
    },
    "cl-cc-binary": {
      "flake": false,
      "locked": {
        "lastModified": 1785038039,
        "narHash": "sha256-S+fvSIxuTDJXkmsW90yzljX7Wvy9KChJzTDglTGKhVA=",
        "owner": "nerima-lisp",
        "repo": "cl-cc-binary",
        "rev": "3c81059218b0d99838d04dff7dbbb3dd8821a8ad",
        "type": "github"
      },
      "original": {
        "owner": "nerima-lisp",
        "repo": "cl-cc-binary",
        "rev": "3c81059218b0d99838d04dff7dbbb3dd8821a8ad",
        "type": "github"
      }
    },
    "cl-cc-bootstrap": {
      "flake": false,
      "locked": {
        "lastModified": 1785088000,
        "narHash": "sha256-1LqtYLulsEZ0TU9IVMfPA59s5x6J3pmq7/ShQJNCbFg=",
        "owner": "nerima-lisp",
        "repo": "cl-cc-bootstrap",
        "rev": "b1ff1defbba014ba7b312c882ee8a5e7cabb5cc3",
        "type": "github"
      },
      "original": {
        "owner": "nerima-lisp",
        "repo": "cl-cc-bootstrap",
        "rev": "b1ff1defbba014ba7b312c882ee8a5e7cabb5cc3",
        "type": "github"
      }
    },
    "cl-cc-codegen-native": {
      "flake": false,
      "locked": {
        "lastModified": 1785625880,
        "narHash": "sha256-sKeMFrRMVew7nVg8adC+04PuydOUgHLHne/CNGlp3JA=",
        "owner": "nerima-lisp",
        "repo": "cl-cc-codegen-native",
        "rev": "e58718ee08dd916054ca62c782d0c9435e22583e",
        "type": "github"
      },
      "original": {
        "owner": "nerima-lisp",
        "repo": "cl-cc-codegen-native",
        "rev": "e58718ee08dd916054ca62c782d0c9435e22583e",
        "type": "github"
      }
    },
    "cl-cc-cps": {
      "flake": false,
      "locked": {
        "lastModified": 1785580920,
        "narHash": "sha256-Rco2I1qXqAsgd8UlrY2Kv8KqqWJtGJiCILPcCW7IkmI=",
        "owner": "nerima-lisp",
        "repo": "cl-cc-cps",
        "rev": "b09fdc12f8a181946319ac7a4cd2794466617db4",
        "type": "github"
      },
      "original": {
        "owner": "nerima-lisp",
        "repo": "cl-cc-cps",
        "rev": "b09fdc12f8a181946319ac7a4cd2794466617db4",
        "type": "github"
      }
    },
    "cl-cc-expand": {
      "flake": false,
      "locked": {
        "lastModified": 1785629030,
        "narHash": "sha256-KO77riTBlwO6rL4bymbQHOHVNwUOT1crZROR1eZTGXQ=",
        "owner": "nerima-lisp",
        "repo": "cl-cc-expand",
        "rev": "2628bd758f76df1513456641a358c63812e70aac",
        "type": "github"
      },
      "original": {
        "owner": "nerima-lisp",
        "repo": "cl-cc-expand",
        "rev": "2628bd758f76df1513456641a358c63812e70aac",
        "type": "github"
      }
    },
    "cl-cc-javascript": {
      "flake": false,
      "locked": {
        "lastModified": 1785575501,
        "narHash": "sha256-wMFOkXNdmFYty+02Gp+ycTMhrG6vahcBHKOrm0r76GE=",
        "owner": "nerima-lisp",
        "repo": "cl-cc-javascript",
        "rev": "777d5450681601860af20d5858c297e7d1af842b",
        "type": "github"
      },
      "original": {
        "owner": "nerima-lisp",
        "repo": "cl-cc-javascript",
        "rev": "777d5450681601860af20d5858c297e7d1af842b",
        "type": "github"
      }
    },
    "cl-cc-mir": {
      "flake": false,
      "locked": {
        "lastModified": 1785568792,
        "narHash": "sha256-TPtKQmnBievSF9/YGwF82zvaPWzAWSrS0CGnL1yYk1c=",
        "owner": "nerima-lisp",
        "repo": "cl-cc-mir",
        "rev": "9679e3a471df1bea446df9b22cb26a32e85c42c8",
        "type": "github"
      },
      "original": {
        "owner": "nerima-lisp",
        "repo": "cl-cc-mir",
        "rev": "9679e3a471df1bea446df9b22cb26a32e85c42c8",
        "type": "github"
      }
    },
    "cl-cc-optimize": {
      "flake": false,
      "locked": {
        "lastModified": 1785623485,
        "narHash": "sha256-D5F5pAZ1xRnN1WSERlMNO2PFG4qXEjPNC3O+YGeBm4I=",
        "owner": "nerima-lisp",
        "repo": "cl-cc-optimize",
        "rev": "5414f773e8fb54855e12f9639b9cb79109a2dbbb",
        "type": "github"
      },
      "original": {
        "owner": "nerima-lisp",
        "repo": "cl-cc-optimize",
        "rev": "5414f773e8fb54855e12f9639b9cb79109a2dbbb",
        "type": "github"
      }
    },
    "cl-cc-parse": {
      "flake": false,
      "locked": {
        "lastModified": 1785095912,
        "narHash": "sha256-eAlz2VoCQC7hog6RPrLJGpXAx5mTW+sI+BLeQpJCAYA=",
        "owner": "nerima-lisp",
        "repo": "cl-cc-parse",
        "rev": "7316dd82137290082fa1fe03300d3aa388d84117",
        "type": "github"
      },
      "original": {
        "owner": "nerima-lisp",
        "repo": "cl-cc-parse",
        "rev": "7316dd82137290082fa1fe03300d3aa388d84117",
        "type": "github"
      }
    },
    "cl-cc-php": {
      "flake": false,
      "locked": {
        "lastModified": 1785574595,
        "narHash": "sha256-WBU3BJKeWIXy6VNoeCv/4dElo7uQ7BImlPZYBbzNfEw=",
        "owner": "nerima-lisp",
        "repo": "cl-cc-php",
        "rev": "c36a40dcf8ddff72c7eaeb3baee5154c9b27d190",
        "type": "github"
      },
      "original": {
        "owner": "nerima-lisp",
        "repo": "cl-cc-php",
        "rev": "c36a40dcf8ddff72c7eaeb3baee5154c9b27d190",
        "type": "github"
      }
    },
    "cl-cc-runtime": {
      "flake": false,
      "locked": {
        "lastModified": 1785362343,
        "narHash": "sha256-Bfnrl5uabYLbdu75jPjDc79fK4cnpBMQ7jqlu/mc2P4=",
        "owner": "nerima-lisp",
        "repo": "cl-cc-runtime",
        "rev": "d8d636be399502cbabfedb899f8603c98e128bfb",
        "type": "github"
      },
      "original": {
        "owner": "nerima-lisp",
        "ref": "d8d636b",
        "repo": "cl-cc-runtime",
        "type": "github"
      }
    },
    "cl-cc-type": {
      "flake": false,
      "locked": {
        "lastModified": 1785077528,
        "narHash": "sha256-bxRtWx+LJxBEhvcvemLuZ0yRDqx2mn68hiVhL9bsbHo=",
        "owner": "nerima-lisp",
        "repo": "cl-cc-type",
        "rev": "324b1c06b86a382f6561019d087d845667cf4606",
        "type": "github"
      },
      "original": {
        "owner": "nerima-lisp",
        "repo": "cl-cc-type",
        "rev": "324b1c06b86a382f6561019d087d845667cf4606",
        "type": "github"
      }
    },
    "cl-cc-vm": {
      "flake": false,
      "locked": {
        "lastModified": 1785636539,
        "narHash": "sha256-c5fQJJTmWFMd0p6D5Nu9QdO6TZ+z0w7A2e1RiDXp7DY=",
        "owner": "nerima-lisp",
        "repo": "cl-cc-vm",
        "rev": "670376ada1b5b1aa40e4f798764ac34c5cc1959b",
        "type": "github"
      },
      "original": {
        "owner": "nerima-lisp",
        "repo": "cl-cc-vm",
        "rev": "670376ada1b5b1aa40e4f798764ac34c5cc1959b",
        "type": "github"
      }
    },
    "cl-cli": {
      "flake": false,
      "locked": {
        "lastModified": 1785002244,
        "narHash": "sha256-Yt5PdWA/hHBR0KA7zpogvFpUUQ2QyKDyynwtSGDHNAI=",
        "owner": "nerima-lisp",
        "repo": "cl-cli",
        "rev": "59c0f4fad14178047d0d0ac4f19c2e6ff8362f31",
        "type": "github"
      },
      "original": {
        "owner": "nerima-lisp",
        "ref": "v1.0.1",
        "repo": "cl-cli",
        "type": "github"
      }
    },
    "cl-concurrent-kit": {
      "flake": false,
      "locked": {
        "lastModified": 1785553683,
        "narHash": "sha256-WNo6csaaldthSjLwzzj2/kJQ72QWJG2kvqTPDmrqR8s=",
        "owner": "nerima-lisp",
        "repo": "cl-concurrent-kit",
        "rev": "c129a0b4be03ef2b1671ab208f9b390573eb0412",
        "type": "github"
      },
      "original": {
        "owner": "nerima-lisp",
        "repo": "cl-concurrent-kit",
        "rev": "c129a0b4be03ef2b1671ab208f9b390573eb0412",
        "type": "github"
      }
    },
    "cl-dataflow-kit": {
      "flake": false,
      "locked": {
        "lastModified": 1786949793,
        "narHash": "sha256-26KT1QL7KJ2soRppDDoYwgXyzLKOZjPu0Un0eJBL5M4=",
        "owner": "nerima-lisp",
        "repo": "cl-dataflow-kit",
        "rev": "c4770c3b757bc40a9d5ecfc5de53871ec5da26c8",
        "type": "github"
      },
      "original": {
        "owner": "nerima-lisp",
        "ref": "v1.2.0",
        "repo": "cl-dataflow-kit",
        "type": "github"
      }
    },
    "cl-date-kit": {
      "flake": false,
      "locked": {
        "lastModified": 1785553683,
        "narHash": "sha256-fbQ2JU/mmDql+yAmD/sSZfQwf6M4Wx1JvyaMQxDRLJI=",
        "owner": "nerima-lisp",
        "repo": "cl-date-kit",
        "rev": "040f6bf936c0dd946a0049eaa715e4c1c6a40eb5",
        "type": "github"
      },
      "original": {
        "owner": "nerima-lisp",
        "repo": "cl-date-kit",
        "rev": "040f6bf936c0dd946a0049eaa715e4c1c6a40eb5",
        "type": "github"
      }
    },
    "cl-host-kit": {
      "flake": false,
      "locked": {
        "lastModified": 1785433376,
        "narHash": "sha256-sivxc+tzylWHzkRhIn6yAj8CFCTsoG+gFx7B2q6aBT4=",
        "owner": "nerima-lisp",
        "repo": "cl-host-kit",
        "rev": "e1b5bd199c93bc083e8dee58d0a70c233d1d9e86",
        "type": "github"
      },
      "original": {
        "owner": "nerima-lisp",
        "ref": "v0.2.1",
        "repo": "cl-host-kit",
        "type": "github"
      }
    },
    "cl-json-kit": {
      "flake": false,
      "locked": {
        "lastModified": 1784983583,
        "narHash": "sha256-e2Y1Ajgtbqnv4xBCtTUdL0gCxlyJyNb3XQzyJsuyR0I=",
        "owner": "nerima-lisp",
        "repo": "cl-json-kit",
        "rev": "62a3164ab812badf7dcbf94f4b4e4eda2ecd5fb1",
        "type": "github"
      },
      "original": {
        "owner": "nerima-lisp",
        "ref": "v1.0.0",
        "repo": "cl-json-kit",
        "type": "github"
      }
    },
    "cl-log-kit": {
      "flake": false,
      "locked": {
        "lastModified": 1784998499,
        "narHash": "sha256-MY41YW9Lw2ZaB7cctcvl4vIXXGrsOF/tXPbl4mn3ix8=",
        "owner": "nerima-lisp",
        "repo": "cl-log-kit",
        "rev": "53d1d81309e446afc805e0fe081628089223248b",
        "type": "github"
      },
      "original": {
        "owner": "nerima-lisp",
        "ref": "v1.0.0",
        "repo": "cl-log-kit",
        "type": "github"
      }
    },
    "cl-parser-kit": {
      "flake": false,
      "locked": {
        "lastModified": 1784998474,
        "narHash": "sha256-rqY2m2oCJX2/wVRQ98pNYxH5+QUPfuDqEyiK89D+h+g=",
        "owner": "nerima-lisp",
        "repo": "cl-parser-kit",
        "rev": "8316a9c9a4d39bc95cd2a7d33738750a12314ccc",
        "type": "github"
      },
      "original": {
        "owner": "nerima-lisp",
        "ref": "v1.0.0",
        "repo": "cl-parser-kit",
        "type": "github"
      }
    },
    "cl-process-kit": {
      "flake": false,
      "locked": {
        "lastModified": 1785012035,
        "narHash": "sha256-6vy6K+ZUYt9zcu3IUSohRjYNT1jMX/xtXJX3CewsUpA=",
        "owner": "nerima-lisp",
        "repo": "cl-process-kit",
        "rev": "359d127e84d1e876e253419953253a34db033070",
        "type": "github"
      },
      "original": {
        "owner": "nerima-lisp",
        "ref": "v1.0.1",
        "repo": "cl-process-kit",
        "type": "github"
      }
    },
    "cl-prolog-kit": {
      "flake": false,
      "locked": {
        "lastModified": 1786948477,
        "narHash": "sha256-3qn9W1Jmbxnr0Si77J7Klo26oX/zjgBVwb5ye74NsTY=",
        "owner": "nerima-lisp",
        "repo": "cl-prolog-kit",
        "rev": "239368e1001bc3a8576d45770c9e91da11515d09",
        "type": "github"
      },
      "original": {
        "owner": "nerima-lisp",
        "ref": "v1.5.0",
        "repo": "cl-prolog-kit",
        "type": "github"
      }
    },
    "cl-regex-kit": {
      "flake": false,
      "locked": {
        "lastModified": 1785436580,
        "narHash": "sha256-Dsruu9HMpsufKCdx9PfciYUTXm1c2GgBQ0dBr8jYlvQ=",
        "owner": "nerima-lisp",
        "repo": "cl-regex-kit",
        "rev": "6a149805c65ddc6b78b42950509a82935943ddd9",
        "type": "github"
      },
      "original": {
        "owner": "nerima-lisp",
        "ref": "v0.2.0",
        "repo": "cl-regex-kit",
        "type": "github"
      }
    },
    "cl-tty-kit": {
      "flake": false,
      "locked": {
        "lastModified": 1784998133,
        "narHash": "sha256-83+D9zLCiFwyhjwcgFx6s8LflB/R46Fn1Youg8SyJMA=",
        "owner": "nerima-lisp",
        "repo": "cl-tty-kit",
        "rev": "0dfde1c30049797b39f5d3d75d1eae605f92c4ca",
        "type": "github"
      },
      "original": {
        "owner": "nerima-lisp",
        "ref": "v1.0.0",
        "repo": "cl-tty-kit",
        "type": "github"
      }
    },
    "cl-weave": {
      "flake": false,
      "locked": {
        "lastModified": 1784975289,
        "narHash": "sha256-Je74eEojj79RuBQpVF8vSygjlSEhjnmMq8abgyB4sGc=",
        "owner": "nerima-lisp",
        "repo": "cl-weave",
        "rev": "41020b897003fc1e3097cd62643f83ee8334c3be",
        "type": "github"
      },
      "original": {
        "owner": "nerima-lisp",
        "ref": "v1.0.0",
        "repo": "cl-weave",
        "type": "github"
      }
    },
    "nixpkgs": {
      "locked": {
        "lastModified": 1776169885,
        "narHash": "sha256-l/iNYDZ4bGOAFQY2q8y5OAfBBtrDAaPuRQqWaFHVRXM=",
        "owner": "NixOS",
        "repo": "nixpkgs",
        "rev": "4bd9165a9165d7b5e33ae57f3eecbcb28fb231c9",
        "type": "github"
      },
      "original": {
        "owner": "NixOS",
        "ref": "nixos-unstable",
        "repo": "nixpkgs",
        "type": "github"
      }
    },
    "root": {
      "inputs": {
        "cl-boundary-kit": "cl-boundary-kit",
        "cl-cc-ast": "cl-cc-ast",
        "cl-cc-binary": "cl-cc-binary",
        "cl-cc-bootstrap": "cl-cc-bootstrap",
        "cl-cc-codegen-native": "cl-cc-codegen-native",
        "cl-cc-cps": "cl-cc-cps",
        "cl-cc-expand": "cl-cc-expand",
        "cl-cc-javascript": "cl-cc-javascript",
        "cl-cc-mir": "cl-cc-mir",
        "cl-cc-optimize": "cl-cc-optimize",
        "cl-cc-parse": "cl-cc-parse",
        "cl-cc-php": "cl-cc-php",
        "cl-cc-runtime": "cl-cc-runtime",
        "cl-cc-type": "cl-cc-type",
        "cl-cc-vm": "cl-cc-vm",
        "cl-cli": "cl-cli",
        "cl-concurrent-kit": "cl-concurrent-kit",
        "cl-dataflow-kit": "cl-dataflow-kit",
        "cl-date-kit": "cl-date-kit",
        "cl-host-kit": "cl-host-kit",
        "cl-json-kit": "cl-json-kit",
        "cl-log-kit": "cl-log-kit",
        "cl-parser-kit": "cl-parser-kit",
        "cl-process-kit": "cl-process-kit",
        "cl-prolog-kit": "cl-prolog-kit",
        "cl-regex-kit": "cl-regex-kit",
        "cl-tty-kit": "cl-tty-kit",
        "cl-weave": "cl-weave",
        "nixpkgs": "nixpkgs",
        "treefmt-nix": "treefmt-nix"
      }
    },
    "treefmt-nix": {
      "inputs": {
        "nixpkgs": [
          "nixpkgs"
        ]
      },
      "locked": {
        "lastModified": 1775636079,
        "narHash": "sha256-pc20NRoMdiar8oPQceQT47UUZMBTiMdUuWrYu2obUP0=",
        "owner": "numtide",
        "repo": "treefmt-nix",
        "rev": "790751ff7fd3801feeaf96d7dc416a8d581265ba",
        "type": "github"
      },
      "original": {
        "owner": "numtide",
        "repo": "treefmt-nix",
        "type": "github"
      }
    }
  },
  "root": "root",
  "version": 7
}
